# This file was autogenerated by Stack.
# You should not edit this file by hand.
# For more information, please see the documentation at:
#   https://docs.haskellstack.org/en/stable/lock_files

packages: []
snapshots:
- completed:
    size: 499528
    url: https://raw.githubusercontent.com/commercialhaskell/stackage-snapshots/master/nightly/2020/6/20.yaml
    sha256: 29c6305ea247b2f041467f00b5ddfcd42d0d31edcc5925149140e618b480d653
  original: nightly-2020-06-20
